# THIS IS AN AUTOGENERATED FILE. DO NOT EDIT THIS FILE DIRECTLY.
# yarn lockfile v1


atomic-sleep@^1.0.0:
  version "1.0.0"
  resolved "https://registry.yarnpkg.com/atomic-sleep/-/atomic-sleep-1.0.0.tgz#eb85b77a601fc932cfe432c5acd364a9e2c9075b"

fast-redact@^3.0.0:
  version "3.0.1"
  resolved "https://registry.yarnpkg.com/fast-redact/-/fast-redact-3.0.1.tgz#d6015b971e933d03529b01333ba7f22c29961e92"

fast-safe-stringify@^2.0.8:
  version "2.0.8"
  resolved "https://registry.yarnpkg.com/fast-safe-stringify/-/fast-safe-stringify-2.0.8.tgz#dc2af48c46cf712b683e849b2bbd446b32de936f"

flatstr@^1.0.12:
  version "1.0.12"
  resolved "https://registry.yarnpkg.com/flatstr/-/flatstr-1.0.12.tgz#c2ba6a08173edbb6c9640e3055b95e287ceb5931"

pino-std-serializers@^3.1.0:
  version "3.2.0"
  resolved "https://registry.yarnpkg.com/pino-std-serializers/-/pino-std-serializers-3.2.0.tgz#b56487c402d882eb96cd67c257868016b61ad671"

pino@^6.13.0:
  version "6.13.0"
  resolved "https://registry.yarnpkg.com/pino/-/pino-6.13.0.tgz#41810b9be213af6f8f7c23a1b17058d880267e7b"
  dependencies:
    fast-redact "^3.0.0"
    fast-safe-stringify "^2.0.8"
    flatstr "^1.0.12"
    pino-std-serializers "^3.1.0"
    quick-format-unescaped "^4.0.3"
    sonic-boom "^1.0.2"

quick-format-unescaped@^4.0.3:
  version "4.0.3"
  resolved "https://registry.yarnpkg.com/quick-format-unescaped/-/quick-format-unescaped-4.0.3.tgz#6d6b66b8207aa2b35eef12be1421bb24c428f652"

sonic-boom@^1.0.2:
  version "1.4.1"
  resolved "https://registry.yarnpkg.com/sonic-boom/-/sonic-boom-1.4.1.tgz#d35d6a74076624f12e6f917ade7b9d75e918f53e"
  dependencies:
    atomic-sleep "^1.0.0"
    flatstr "^1.0.12"
